// !$*UTF8*$!
{
	archiveVersion = 1;
	classes = {
	};
	objectVersion = 50;
	objects = {

/* Begin PBXBuildFile section */
		2DDE22DF24814BF10016BF3C /* AppDelegate.swift in Sources */ = {isa = PBXBuildFile; fileRef = 2DDE22DE24814BF10016BF3C /* AppDelegate.swift */; };
		2DDE22E124814BF10016BF3C /* SceneDelegate.swift in Sources */ = {isa = PBXBuildFile; fileRef = 2DDE22E024814BF10016BF3C /* SceneDelegate.swift */; };
		2DDE22EB24814BF40016BF3C /* LaunchScreen.storyboard in Resources */ = {isa = PBXBuildFile; fileRef = 2DDE22E924814BF40016BF3C /* LaunchScreen.storyboard */; };
		2DDE230024814C150016BF3C /* Main.storyboard in Resources */ = {isa = PBXBuildFile; fileRef = 2DDE22F424814C140016BF3C /* Main.storyboard */; };
		2DDE230124814C150016BF3C /* Assets.xcassets in Resources */ = {isa = PBXBuildFile; fileRef = 2DDE22F624814C150016BF3C /* Assets.xcassets */; };
		2DDE230224814C150016BF3C /* CoinManager.swift in Sources */ = {isa = PBXBuildFile; fileRef = 2DDE22F824814C150016BF3C /* CoinManager.swift */; };
		2DDE230324814C150016BF3C /* CoinData.swift in Sources */ = {isa = PBXBuildFile; fileRef = 2DDE22F924814C150016BF3C /* CoinData.swift */; };
		2DDE230424814C150016BF3C /* ViewController.swift in Sources */ = {isa = PBXBuildFile; fileRef = 2DDE22FB24814C150016BF3C /* ViewController.swift */; };
/* End PBXBuildFile section */

/* Begin PBXFileReference section */
		2DDE22DB24814BF10016BF3C /* ByteCoin.app */ = {isa = PBXFileReference; explicitFileType = wrapper.application; includeInIndex = 0; path = ByteCoin.app; sourceTree = BUILT_PRODUCTS_DIR; };
		2DDE22DE24814BF10016BF3C /* AppDelegate.swift */ = {isa = PBXFileReference; lastKnownFileType = sourcecode.swift; path = AppDelegate.swift; sourceTree = "<group>"; };
		2DDE22E024814BF10016BF3C /* SceneDelegate.swift */ = {isa = PBXFileReference; lastKnownFileType = sourcecode.swift; path = SceneDelegate.swift; sourceTree = "<group>"; };
		2DDE22EA24814BF40016BF3C /* Base */ = {isa = PBXFileReference; lastKnownFileType = file.storyboard; name = Base; path = Base.lproj/LaunchScreen.storyboard; sourceTree = "<group>"; };
		2DDE22EC24814BF40016BF3C /* Info.plist */ = {isa = PBXFileReference; lastKnownFileType = text.plist.xml; path = Info.plist; sourceTree = "<group>"; };
		2DDE22F524814C140016BF3C /* Base */ = {isa = PBXFileReference; lastKnownFileType = file.storyboard; name = Base; path = Base.lproj/Main.storyboard; sourceTree = "<group>"; };
		2DDE22F624814C150016BF3C /* Assets.xcassets */ = {isa = PBXFileReference; lastKnownFileType = folder.assetcatalog; path = Assets.xcassets; sourceTree = "<group>"; };
		2DDE22F824814C150016BF3C /* CoinManager.swift */ = {isa = PBXFileReference; fileEncoding = 4; lastKnownFileType = sourcecode.swift; path = CoinManager.swift; sourceTree = "<group>"; };
		2DDE22F924814C150016BF3C /* CoinData.swift */ = {isa = PBXFileReference; fileEncoding = 4; lastKnownFileType = sourcecode.swift; path = CoinData.swift; sourceTree = "<group>"; };
		2DDE22FB24814C150016BF3C /* ViewController.swift */ = {isa = PBXFileReference; fileEncoding = 4; lastKnownFileType = sourcecode.swift; path = ViewController.swift; sourceTree = "<group>"; };
/* End PBXFileReference section */

/* Begin PBXFrameworksBuildPhase section */
		2DDE22D824814BF10016BF3C /* Frameworks */ = {
			isa = PBXFrameworksBuildPhase;
			buildActionMask = 2147483647;
			files = (
			);
			runOnlyForDeploymentPostprocessing = 0;
		};
/* End PBXFrameworksBuildPhase section */

/* Begin PBXGroup section */
		2DDE22D224814BF10016BF3C = {
			isa = PBXGroup;
			children = (
				2DDE22DD24814BF10016BF3C /* ByteCoin */,
				2DDE22DC24814BF10016BF3C /* Products */,
			);
			sourceTree = "<group>";
		};
		2DDE22DC24814BF10016BF3C /* Products */ = {
			isa = PBXGroup;
			children = (
				2DDE22DB24814BF10016BF3C /* ByteCoin.app */,
			);
			name = Products;
			sourceTree = "<group>";
		};
		2DDE22DD24814BF10016BF3C /* ByteCoin */ = {
			isa = PBXGroup;
			children = (
				2DDE22DE24814BF10016BF3C /* AppDelegate.swift */,
				2DDE22E024814BF10016BF3C /* SceneDelegate.swift */,
				2DDE22F624814C150016BF3C /* Assets.xcassets */,
				2DDE22FA24814C150016BF3C /* Controller */,
				2DDE22F724814C150016BF3C /* Model */,
				2DDE22F324814C140016BF3C /* View */,
				2DDE22E924814BF40016BF3C /* LaunchScreen.storyboard */,
				2DDE22EC24814BF40016BF3C /* Info.plist */,
			);
			path = ByteCoin;
			sourceTree = "<group>";
		};
		2DDE22F324814C140016BF3C /* View */ = {
			isa = PBXGroup;
			children = (
				2DDE22F424814C140016BF3C /* Main.storyboard */,
			);
			path = View;
			sourceTree = "<group>";
		};
		2DDE22F724814C150016BF3C /* Model */ = {
			isa = PBXGroup;
			children = (
				2DDE22F824814C150016BF3C /* CoinManager.swift */,
				2DDE22F924814C150016BF3C /* CoinData.swift */,
			);
			path = Model;
			sourceTree = "<group>";
		};
		2DDE22FA24814C150016BF3C /* Controller */ = {
			isa = PBXGroup;
			children = (
				2DDE22FB24814C150016BF3C /* ViewController.swift */,
			);
			path = Controller;
			sourceTree = "<group>";
		};
/* End PBXGroup section */

/* Begin PBXNativeTarget section */
		2DDE22DA24814BF10016BF3C /* ByteCoin */ = {
			isa = PBXNativeTarget;
			buildConfigurationList = 2DDE22EF24814BF40016BF3C /* Build configuration list for PBXNativeTarget "ByteCoin" */;
			buildPhases = (
				2DDE22D724814BF10016BF3C /* Sources */,
				2DDE22D824814BF10016BF3C /* Frameworks */,
				2DDE22D924814BF10016BF3C /* Resources */,
			);
			buildRules = (
			);
			dependencies = (
			);
			name = ByteCoin;
			productName = ByteCoin;
			productReference = 2DDE22DB24814BF10016BF3C /* ByteCoin.app */;
			productType = "com.apple.product-type.application";
		};
/* End PBXNativeTarget section */

/* Begin PBXProject section */
		2DDE22D324814BF10016BF3C /* Project object */ = {
			isa = PBXProject;
			attributes = {
				LastSwiftUpdateCheck = 1150;
				LastUpgradeCheck = 1150;
				ORGANIZATIONNAME = "Ramya Seshagiri";
				TargetAttributes = {
					2DDE22DA24814BF10016BF3C = {
						CreatedOnToolsVersion = 11.5;
					};
				};
			};
			buildConfigurationList = 2DDE22D624814BF10016BF3C /* Build configuration list for PBXProject "ByteCoin" */;
			compatibilityVersion = "Xcode 9.3";
			developmentRegion = en;
			hasScannedForEncodings = 0;
			knownRegions = (
				en,
				Base,
			);
			mainGroup = 2DDE22D224814BF10016BF3C;
			productRefGroup = 2DDE22DC24814BF10016BF3C /* Products */;
			projectDirPath = "";
			projectRoot = "";
			targets = (
				2DDE22DA24814BF10016BF3C /* ByteCoin */,
			);
		};
/* End PBXProject section */

/* Begin PBXResourcesBuildPhase section */
		2DDE22D924814BF10016BF3C /* Resources */ = {
			isa = PBXResourcesBuildPhase;
			buildActionMask = 2147483647;
			files = (
				2DDE22EB24814BF40016BF3C /* LaunchScreen.storyboard in Resources */,
				2DDE230124814C150016BF3C /* Assets.xcassets in Resources */,
				2DDE230024814C150016BF3C /* Main.storyboard in Resources */,
			);
			runOnlyForDeploymentPostprocessing = 0;
		};
/* End PBXResourcesBuildPhase section */

/* Begin PBXSourcesBuildPhase section */
		2DDE22D724814BF10016BF3C /* Sources */ = {
			isa = PBXSourcesBuildPhase;
			buildActionMask = 2147483647;
			files = (
				2DDE230424814C150016BF3C /* ViewController.swift in Sources */,
				2DDE230224814C150016BF3C /* CoinManager.swift in Sources */,
				2DDE230324814C150016BF3C /* CoinData.swift in Sources */,
				2DDE22DF24814BF10016BF3C /* AppDelegate.swift in Sources */,
				2DDE22E124814BF10016BF3C /* SceneDelegate.swift in Sources */,
			);
			runOnlyForDeploymentPostprocessing = 0;
		};
/* End PBXSourcesBuildPhase section */

/* Begin PBXVariantGroup section */
		2DDE22E924814BF40016BF3C /* LaunchScreen.storyboard */ = {
			isa = PBXVariantGroup;
			children = (
				2DDE22EA24814BF40016BF3C /* Base */,
			);
			name = LaunchScreen.storyboard;
			sourceTree = "<group>";
		};
		2DDE22F424814C140016BF3C /* Main.storyboard */ = {
			isa = PBXVariantGroup;
			children = (
				2DDE22F524814C140016BF3C /* Base */,
			);
			name = Main.storyboard;
			sourceTree = "<group>";
		};
/* End PBXVariantGroup section */

/* Begin XCBuildConfiguration section */
		2DDE22ED24814BF40016BF3C /* Debug */ = {
			isa = XCBuildConfiguration;
			buildSettings = {
				ALWAYS_SEARCH_USER_PATHS = NO;
				CLANG_ANALYZER_NONNULL = YES;
				CLANG_ANALYZER_NUMBER_OBJECT_CONVERSION = YES_AGGRESSIVE;
				CLANG_CXX_LANGUAGE_STANDARD = "gnu++14";
				CLANG_CXX_LIBRARY = "libc++";
				CLANG_ENABLE_MODULES = YES;
				CLANG_ENABLE_OBJC_ARC = YES;
				CLANG_ENABLE_OBJC_WEAK = YES;
				CLANG_WARN_BLOCK_CAPTURE_AUTORELEASING = YES;
				CLANG_WARN_BOOL_CONVERSION = YES;
				CLANG_WARN_COMMA = YES;
				CLANG_WARN_CONSTANT_CONVERSION = YES;
				CLANG_WARN_DEPRECATED_OBJC_IMPLEMENTATIONS = YES;
				CLANG_WARN_DIRECT_OBJC_ISA_USAGE = YES_ERROR;
				CLANG_WARN_DOCUMENTATION_COMMENTS = YES;
				CLANG_WARN_EMPTY_BODY = YES;
				CLANG_WARN_ENUM_CONVERSION = YES;
				CLANG_WARN_INFINITE_RECURSION = YES;
				CLANG_WARN_INT_CONVERSION = YES;
				CLANG_WARN_NON_LITERAL_NULL_CONVERSION = YES;
				CLANG_WARN_OBJC_IMPLICIT_RETAIN_SELF = YES;
				CLANG_WARN_OBJC_LITERAL_CONVERSION = YES;
				CLANG_WARN_OBJC_ROOT_CLASS = YES_ERROR;
				CLANG_WARN_RANGE_LOOP_ANALYSIS = YES;
				CLANG_WARN_STRICT_PROTOTYPES = YES;
				CLANG_WARN_SUSPICIOUS_MOVE = YES;
				CLANG_WARN_UNGUARDED_AVAILABILITY = YES_AGGRESSIVE;
				CLANG_WARN_UNREACHABLE_CODE = YES;
				CLANG_WARN__DUPLICATE_METHOD_MATCH = YES;
				COPY_PHASE_STRIP = NO;
				DEBUG_INFORMATION_FORMAT = dwarf;
				ENABLE_STRICT_OBJC_MSGSEND = YES;
				ENABLE_TESTABILITY = YES;
				GCC_C_LANGUAGE_STANDARD = gnu11;
				GCC_DYNAMIC_NO_PIC = NO;
				GCC_NO_COMMON_BLOCKS = YES;
				GCC_OPTIMIZATION_LEVEL = 0;
				GCC_PREPROCESSOR_DEFINITIONS = (
					"DEBUG=1",
					"$(inherited)",
				);
				GCC_WARN_64_TO_32_BIT_CONVERSION = YES;
				GCC_WARN_ABOUT_RETURN_TYPE = YES_ERROR;
				GCC_WARN_UNDECLARED_SELECTOR = YES;
				GCC_WARN_UNINITIALIZED_AUTOS = YES_AGGRESSIVE;
				GCC_WARN_UNUSED_FUNCTION = YES;
				GCC_WARN_UNUSED_VARIABLE = YES;
				IPHONEOS_DEPLOYMENT_TARGET = 13.5;
				MTL_ENABLE_DEBUG_INFO = INCLUDE_SOURCE;
				MTL_FAST_MATH = YES;
				ONLY_ACTIVE_ARCH = YES;
				SDKROOT = iphoneos;
				SWIFT_ACTIVE_COMPILATION_CONDITIONS = DEBUG;
				SWIFT_OPTIMIZATION_LEVEL = "-Onone";
			};
			name = Debug;
		};
		2DDE22EE24814BF40016BF3C /* Release */ = {
			isa = XCBuildConfiguration;
			buildSettings = {
				ALWAYS_SEARCH_USER_PATHS = NO;
				CLANG_ANALYZER_NONNULL = YES;
				CLANG_ANALYZER_NUMBER_OBJECT_CONVERSION = YES_AGGRESSIVE;
				CLANG_CXX_LANGUAGE_STANDARD = "gnu++14";
				CLANG_CXX_LIBRARY = "libc++";
				CLANG_ENABLE_MODULES = YES;
				CLANG_ENABLE_OBJC_ARC = YES;
				CLANG_ENABLE_OBJC_WEAK = YES;
				CLANG_WARN_BLOCK_CAPTURE_AUTORELEASING = YES;
				CLANG_WARN_BOOL_CONVERSION = YES;
				CLANG_WARN_COMMA = YES;
				CLANG_WARN_CONSTANT_CONVERSION = YES;
				CLANG_WARN_DEPRECATED_OBJC_IMPLEMENTATIONS = YES;
				CLANG_WARN_DIRECT_OBJC_ISA_USAGE = YES_ERROR;
				CLANG_WARN_DOCUMENTATION_COMMENTS = YES;
				CLANG_WARN_EMPTY_BODY = YES;
				CLANG_WARN_ENUM_CONVERSION = YES;
				CLANG_WARN_INFINITE_RECURSION = YES;
				CLANG_WARN_INT_CONVERSION = YES;
				CLANG_WARN_NON_LITERAL_NULL_CONVERSION = YES;
				CLANG_WARN_OBJC_IMPLICIT_RETAIN_SELF = YES;
				CLANG_WARN_OBJC_LITERAL_CONVERSION = YES;
				CLANG_WARN_OBJC_ROOT_CLASS = YES_ERROR;
				CLANG_WARN_RANGE_LOOP_ANALYSIS = YES;
				CLANG_WARN_STRICT_PROTOTYPES = YES;
				CLANG_WARN_SUSPICIOUS_MOVE = YES;
				CLANG_WARN_UNGUARDED_AVAILABILITY = YES_AGGRESSIVE;
				CLANG_WARN_UNREACHABLE_CODE = YES;
				CLANG_WARN__DUPLICATE_METHOD_MATCH = YES;
				COPY_PHASE_STRIP = NO;
				DEBUG_INFORMATION_FORMAT = "dwarf-with-dsym";
				ENABLE_NS_ASSERTIONS = NO;
				ENABLE_STRICT_OBJC_MSGSEND = YES;
				GCC_C_LANGUAGE_STANDARD = gnu11;
				GCC_NO_COMMON_BLOCKS = YES;
				GCC_WARN_64_TO_32_BIT_CONVERSION = YES;
				GCC_WARN_ABOUT_RETURN_TYPE = YES_ERROR;
				GCC_WARN_UNDECLARED_SELECTOR = YES;
				GCC_WARN_UNINITIALIZED_AUTOS = YES_AGGRESSIVE;
				GCC_WARN_UNUSED_FUNCTION = YES;
				GCC_WARN_UNUSED_VARIABLE = YES;
				IPHONEOS_DEPLOYMENT_TARGET = 13.5;
				MTL_ENABLE_DEBUG_INFO = NO;
				MTL_FAST_MATH = YES;
				SDKROOT = iphoneos;
				SWIFT_COMPILATION_MODE = wholemodule;
				SWIFT_OPTIMIZATION_LEVEL = "-O";
				VALIDATE_PRODUCT = YES;
			};
			name = Release;
		};
		2DDE22F024814BF40016BF3C /* Debug */ = {
			isa = XCBuildConfiguration;
			buildSettings = {
				ASSETCATALOG_COMPILER_APPICON_NAME = AppIcon;
				CODE_SIGN_STYLE = Automatic;
				DEVELOPMENT_TEAM = 42GPR649QW;
				INFOPLIST_FILE = ByteCoin/Info.plist;
				LD_RUNPATH_SEARCH_PATHS = (
					"$(inherited)",
					"@executable_path/Frameworks",
				);
				PRODUCT_BUNDLE_IDENTIFIER = ramya.ers.ByteCoin;
				PRODUCT_NAME = "$(TARGET_NAME)";
				SWIFT_VERSION = 5.0;
				TARGETED_DEVICE_FAMILY = "1,2";
			};
			name = Debug;
		};
		2DDE22F124814BF40016BF3C /* Release */ = {
			isa = XCBuildConfiguration;
			buildSettings = {
				ASSETCATALOG_COMPILER_APPICON_NAME = AppIcon;
				CODE_SIGN_STYLE = Automatic;
				DEVELOPMENT_TEAM = 42GPR649QW;
				INFOPLIST_FILE = ByteCoin/Info.plist;
				LD_RUNPATH_SEARCH_PATHS = (
					"$(inherited)",
					"@executable_path/Frameworks",
				);
				PRODUCT_BUNDLE_IDENTIFIER = ramya.ers.ByteCoin;
				PRODUCT_NAME = "$(TARGET_NAME)";
				SWIFT_VERSION = 5.0;
				TARGETED_DEVICE_FAMILY = "1,2";
			};
			name = Release;
		};
/* End XCBuildConfiguration section */

/* Begin XCConfigurationList section */
		2DDE22D624814BF10016BF3C /* Build configuration list for PBXProject "ByteCoin" */ = {
			isa = XCConfigurationList;
			buildConfigurations = (
				2DDE22ED24814BF40016BF3C /* Debug */,
				2DDE22EE24814BF40016BF3C /* Release */,
			);
			defaultConfigurationIsVisible = 0;
			defaultConfigurationName = Release;
		};
		2DDE22EF24814BF40016BF3C /* Build configuration list for PBXNativeTarget "ByteCoin" */ = {
			isa = XCConfigurationList;
			buildConfigurations = (
				2DDE22F024814BF40016BF3C /* Debug */,
				2DDE22F124814BF40016BF3C /* Release */,
			);
			defaultConfigurationIsVisible = 0;
			defaultConfigurationName = Release;
		};
/* End XCConfigurationList section */
	};
	rootObject = 2DDE22D324814BF10016BF3C /* Project object */;
}
